
Microsoft Visual Studio Solution File, Format Version 12.00
# Visual Studio Version 16
VisualStudioVersion = 16.0.810.3
MinimumVisualStudioVersion = 10.0.40219.1
Project("{FAE04EC0-301F-11D3-BF4B-00C04F79EFBC}") = "ConsoleNET", "ConsoleNET\ConsoleNET.csproj", "{DA330143-572B-422F-806F-21488C363309}"
EndProject
Global
	GlobalSection(SolutionConfigurationPlatforms) = preSolution
		Debug|anycpu = Debug|anycpu
		Release|anycpu = Release|anycpu
	EndGlobalSection
	GlobalSection(ProjectConfigurationPlatforms) = postSolution
		{DA330143-572B-422F-806F-21488C363309}.Debug|anycpu.ActiveCfg = Debug|anycpu
		{DA330143-572B-422F-806F-21488C363309}.Debug|anycpu.Build.0 = Debug|anycpu
		{DA330143-572B-422F-806F-21488C363309}.Release|anycpu.ActiveCfg = Release|anycpu
		{DA330143-572B-422F-806F-21488C363309}.Release|anycpu.Build.0 = Release|anycpu
	EndGlobalSection
	GlobalSection(SolutionProperties) = preSolution
		HideSolutionNode = FALSE
	EndGlobalSection
	GlobalSection(ExtensibilityGlobals) = postSolution
		SolutionGuid = {2382EE99-6874-42A8-9CF3-56306840A9C2}
	EndGlobalSection
EndGlobal
